// !$*UTF8*$!
{
	archiveVersion = 1;
	classes = {
	};
	objectVersion = 46;
	objects = {

/* Begin PBXBuildFile section */
		91D4B9AB1A8082800040B884 /* main.m in Sources */ = {isa = PBXBuildFile; fileRef = 91D4B9AA1A8082800040B884 /* main.m */; };
		91D4B9AE1A8082800040B884 /* AppDelegate.m in Sources */ = {isa = PBXBuildFile; fileRef = 91D4B9AD1A8082800040B884 /* AppDelegate.m */; };
		91D4B9B61A8082800040B884 /* Images.xcassets in Resources */ = {isa = PBXBuildFile; fileRef = 91D4B9B51A8082800040B884 /* Images.xcassets */; };
		91D4B9B91A8082800040B884 /* LaunchScreen.xib in Resources */ = {isa = PBXBuildFile; fileRef = 91D4B9B71A8082800040B884 /* LaunchScreen.xib */; };
		91D4B9C51A8082800040B884 /* RottenTomatoesTests.m in Sources */ = {isa = PBXBuildFile; fileRef = 91D4B9C41A8082800040B884 /* RottenTomatoesTests.m */; };
		91D4B9D11A8083490040B884 /* MoviesViewController.m in Sources */ = {isa = PBXBuildFile; fileRef = 91D4B9CF1A8083490040B884 /* MoviesViewController.m */; };
		91D4B9D21A8083490040B884 /* MoviesViewController.xib in Resources */ = {isa = PBXBuildFile; fileRef = 91D4B9D01A8083490040B884 /* MoviesViewController.xib */; };
		91D4B9D71A8087020040B884 /* MovieCell.m in Sources */ = {isa = PBXBuildFile; fileRef = 91D4B9D51A8087020040B884 /* MovieCell.m */; };
		91D4B9D81A8087020040B884 /* MovieCell.xib in Resources */ = {isa = PBXBuildFile; fileRef = 91D4B9D61A8087020040B884 /* MovieCell.xib */; };
		91D4B9E01A818BCB0040B884 /* MovieDetailViewController.m in Sources */ = {isa = PBXBuildFile; fileRef = 91D4B9DE1A818BCB0040B884 /* MovieDetailViewController.m */; };
		91D4B9E11A818BCB0040B884 /* MovieDetailViewController.xib in Resources */ = {isa = PBXBuildFile; fileRef = 91D4B9DF1A818BCB0040B884 /* MovieDetailViewController.xib */; };
		91D4B9ED1A81BF480040B884 /* ticket.svg in Resources */ = {isa = PBXBuildFile; fileRef = 91D4B9EC1A81BF480040B884 /* ticket.svg */; };
		91D4B9EF1A81C52B0040B884 /* dvd.svg in Resources */ = {isa = PBXBuildFile; fileRef = 91D4B9EE1A81C52B0040B884 /* dvd.svg */; };
		91D4B9F61A82AA9C0040B884 /* UIImageView+AnimationUtils.m in Sources */ = {isa = PBXBuildFile; fileRef = 91D4B9F51A82AA9C0040B884 /* UIImageView+AnimationUtils.m */; };
		91D4B9F81A82D4CD0040B884 /* clock.svg in Resources */ = {isa = PBXBuildFile; fileRef = 91D4B9F71A82D4CD0040B884 /* clock.svg */; };
		DE19517B837CDAE121CC27E9 /* libPods.a in Frameworks */ = {isa = PBXBuildFile; fileRef = AAC1DC0DAD12F1F750B5D593 /* libPods.a */; };
/* End PBXBuildFile section */

/* Begin PBXContainerItemProxy section */
		91D4B9BF1A8082800040B884 /* PBXContainerItemProxy */ = {
			isa = PBXContainerItemProxy;
			containerPortal = 91D4B99D1A8082800040B884 /* Project object */;
			proxyType = 1;
			remoteGlobalIDString = 91D4B9A41A8082800040B884;
			remoteInfo = RottenTomatoes;
		};
/* End PBXContainerItemProxy section */

/* Begin PBXFileReference section */
		90D462A959594B9228A7C83E /* Pods.debug.xcconfig */ = {isa = PBXFileReference; includeInIndex = 1; lastKnownFileType = text.xcconfig; name = Pods.debug.xcconfig; path = "Pods/Target Support Files/Pods/Pods.debug.xcconfig"; sourceTree = "<group>"; };
		91D4B9A51A8082800040B884 /* RottenTomatoes.app */ = {isa = PBXFileReference; explicitFileType = wrapper.application; includeInIndex = 0; path = RottenTomatoes.app; sourceTree = BUILT_PRODUCTS_DIR; };
		91D4B9A91A8082800040B884 /* Info.plist */ = {isa = PBXFileReference; lastKnownFileType = text.plist.xml; path = Info.plist; sourceTree = "<group>"; };
		91D4B9AA1A8082800040B884 /* main.m */ = {isa = PBXFileReference; lastKnownFileType = sourcecode.c.objc; path = main.m; sourceTree = "<group>"; };
		91D4B9AC1A8082800040B884 /* AppDelegate.h */ = {isa = PBXFileReference; lastKnownFileType = sourcecode.c.h; path = AppDelegate.h; sourceTree = "<group>"; };
		91D4B9AD1A8082800040B884 /* AppDelegate.m */ = {isa = PBXFileReference; lastKnownFileType = sourcecode.c.objc; path = AppDelegate.m; sourceTree = "<group>"; };
		91D4B9B51A8082800040B884 /* Images.xcassets */ = {isa = PBXFileReference; lastKnownFileType = folder.assetcatalog; path = Images.xcassets; sourceTree = "<group>"; };
		91D4B9B81A8082800040B884 /* Base */ = {isa = PBXFileReference; lastKnownFileType = file.xib; name = Base; path = Base.lproj/LaunchScreen.xib; sourceTree = "<group>"; };
		91D4B9BE1A8082800040B884 /* RottenTomatoesTests.xctest */ = {isa = PBXFileReference; explicitFileType = wrapper.cfbundle; includeInIndex = 0; path = RottenTomatoesTests.xctest; sourceTree = BUILT_PRODUCTS_DIR; };
		91D4B9C31A8082800040B884 /* Info.plist */ = {isa = PBXFileReference; lastKnownFileType = text.plist.xml; path = Info.plist; sourceTree = "<group>"; };
		91D4B9C41A8082800040B884 /* RottenTomatoesTests.m */ = {isa = PBXFileReference; lastKnownFileType = sourcecode.c.objc; path = RottenTomatoesTests.m; sourceTree = "<group>"; };
		91D4B9CE1A8083490040B884 /* MoviesViewController.h */ = {isa = PBXFileReference; fileEncoding = 4; lastKnownFileType = sourcecode.c.h; name = MoviesViewController.h; path = RottenTomatoes/MoviesViewController.h; sourceTree = "<group>"; };
		91D4B9CF1A8083490040B884 /* MoviesViewController.m */ = {isa = PBXFileReference; fileEncoding = 4; lastKnownFileType = sourcecode.c.objc; name = MoviesViewController.m; path = RottenTomatoes/MoviesViewController.m; sourceTree = "<group>"; };
		91D4B9D01A8083490040B884 /* MoviesViewController.xib */ = {isa = PBXFileReference; fileEncoding = 4; lastKnownFileType = file.xib; name = MoviesViewController.xib; path = RottenTomatoes/MoviesViewController.xib; sourceTree = "<group>"; };
		91D4B9D41A8087020040B884 /* MovieCell.h */ = {isa = PBXFileReference; fileEncoding = 4; lastKnownFileType = sourcecode.c.h; path = MovieCell.h; sourceTree = "<group>"; };
		91D4B9D51A8087020040B884 /* MovieCell.m */ = {isa = PBXFileReference; fileEncoding = 4; lastKnownFileType = sourcecode.c.objc; path = MovieCell.m; sourceTree = "<group>"; };
		91D4B9D61A8087020040B884 /* MovieCell.xib */ = {isa = PBXFileReference; fileEncoding = 4; lastKnownFileType = file.xib; path = MovieCell.xib; sourceTree = "<group>"; };
		91D4B9DD1A818BCB0040B884 /* MovieDetailViewController.h */ = {isa = PBXFileReference; fileEncoding = 4; lastKnownFileType = sourcecode.c.h; path = MovieDetailViewController.h; sourceTree = "<group>"; };
		91D4B9DE1A818BCB0040B884 /* MovieDetailViewController.m */ = {isa = PBXFileReference; fileEncoding = 4; lastKnownFileType = sourcecode.c.objc; path = MovieDetailViewController.m; sourceTree = "<group>"; };
		91D4B9DF1A818BCB0040B884 /* MovieDetailViewController.xib */ = {isa = PBXFileReference; fileEncoding = 4; lastKnownFileType = file.xib; path = MovieDetailViewController.xib; sourceTree = "<group>"; };
		91D4B9EC1A81BF480040B884 /* ticket.svg */ = {isa = PBXFileReference; fileEncoding = 4; lastKnownFileType = text; path = ticket.svg; sourceTree = SOURCE_ROOT; };
		91D4B9EE1A81C52B0040B884 /* dvd.svg */ = {isa = PBXFileReference; fileEncoding = 4; lastKnownFileType = text; path = dvd.svg; sourceTree = "<group>"; };
		91D4B9F41A82AA9C0040B884 /* UIImageView+AnimationUtils.h */ = {isa = PBXFileReference; fileEncoding = 4; lastKnownFileType = sourcecode.c.h; path = "UIImageView+AnimationUtils.h"; sourceTree = "<group>"; };
		91D4B9F51A82AA9C0040B884 /* UIImageView+AnimationUtils.m */ = {isa = PBXFileReference; fileEncoding = 4; lastKnownFileType = sourcecode.c.objc; path = "UIImageView+AnimationUtils.m"; sourceTree = "<group>"; };
		91D4B9F71A82D4CD0040B884 /* clock.svg */ = {isa = PBXFileReference; fileEncoding = 4; lastKnownFileType = text; path = clock.svg; sourceTree = "<group>"; };
		94C224E10718A3D116B2AA69 /* Pods.release.xcconfig */ = {isa = PBXFileReference; includeInIndex = 1; lastKnownFileType = text.xcconfig; name = Pods.release.xcconfig; path = "Pods/Target Support Files/Pods/Pods.release.xcconfig"; sourceTree = "<group>"; };
		AAC1DC0DAD12F1F750B5D593 /* libPods.a */ = {isa = PBXFileReference; explicitFileType = archive.ar; includeInIndex = 0; path = libPods.a; sourceTree = BUILT_PRODUCTS_DIR; };
/* End PBXFileReference section */

/* Begin PBXFrameworksBuildPhase section */
		91D4B9A21A8082800040B884 /* Frameworks */ = {
			isa = PBXFrameworksBuildPhase;
			buildActionMask = 2147483647;
			files = (
				DE19517B837CDAE121CC27E9 /* libPods.a in Frameworks */,
			);
			runOnlyForDeploymentPostprocessing = 0;
		};
		91D4B9BB1A8082800040B884 /* Frameworks */ = {
			isa = PBXFrameworksBuildPhase;
			buildActionMask = 2147483647;
			files = (
			);
			runOnlyForDeploymentPostprocessing = 0;
		};
/* End PBXFrameworksBuildPhase section */

/* Begin PBXGroup section */
		209310FEFB844D52CA019157 /* Frameworks */ = {
			isa = PBXGroup;
			children = (
				AAC1DC0DAD12F1F750B5D593 /* libPods.a */,
			);
			name = Frameworks;
			sourceTree = "<group>";
		};
		91D4B99C1A8082800040B884 = {
			isa = PBXGroup;
			children = (
				91D4B9F71A82D4CD0040B884 /* clock.svg */,
				91D4B9F01A82AA080040B884 /* Categories */,
				91D4B9EE1A81C52B0040B884 /* dvd.svg */,
				91D4B9EC1A81BF480040B884 /* ticket.svg */,
				91D4B9D91A816E290040B884 /* Views */,
				91D4B9A71A8082800040B884 /* RottenTomatoes */,
				91D4B9D31A80836E0040B884 /* View Controllers */,
				91D4B9C11A8082800040B884 /* RottenTomatoesTests */,
				91D4B9A61A8082800040B884 /* Products */,
				E2E6BE08A7351C6A8D85EE2B /* Pods */,
				209310FEFB844D52CA019157 /* Frameworks */,
			);
			sourceTree = "<group>";
		};
		91D4B9A61A8082800040B884 /* Products */ = {
			isa = PBXGroup;
			children = (
				91D4B9A51A8082800040B884 /* RottenTomatoes.app */,
				91D4B9BE1A8082800040B884 /* RottenTomatoesTests.xctest */,
			);
			name = Products;
			sourceTree = "<group>";
		};
		91D4B9A71A8082800040B884 /* RottenTomatoes */ = {
			isa = PBXGroup;
			children = (
				91D4B9AC1A8082800040B884 /* AppDelegate.h */,
				91D4B9AD1A8082800040B884 /* AppDelegate.m */,
				91D4B9B51A8082800040B884 /* Images.xcassets */,
				91D4B9B71A8082800040B884 /* LaunchScreen.xib */,
				91D4B9A81A8082800040B884 /* Supporting Files */,
			);
			path = RottenTomatoes;
			sourceTree = "<group>";
		};
		91D4B9A81A8082800040B884 /* Supporting Files */ = {
			isa = PBXGroup;
			children = (
				91D4B9A91A8082800040B884 /* Info.plist */,
				91D4B9AA1A8082800040B884 /* main.m */,
			);
			name = "Supporting Files";
			sourceTree = "<group>";
		};
		91D4B9C11A8082800040B884 /* RottenTomatoesTests */ = {
			isa = PBXGroup;
			children = (
				91D4B9C41A8082800040B884 /* RottenTomatoesTests.m */,
				91D4B9C21A8082800040B884 /* Supporting Files */,
			);
			path = RottenTomatoesTests;
			sourceTree = "<group>";
		};
		91D4B9C21A8082800040B884 /* Supporting Files */ = {
			isa = PBXGroup;
			children = (
				91D4B9C31A8082800040B884 /* Info.plist */,
			);
			name = "Supporting Files";
			sourceTree = "<group>";
		};
		91D4B9D31A80836E0040B884 /* View Controllers */ = {
			isa = PBXGroup;
			children = (
				91D4B9CE1A8083490040B884 /* MoviesViewController.h */,
				91D4B9CF1A8083490040B884 /* MoviesViewController.m */,
				91D4B9D01A8083490040B884 /* MoviesViewController.xib */,
				91D4B9DD1A818BCB0040B884 /* MovieDetailViewController.h */,
				91D4B9DE1A818BCB0040B884 /* MovieDetailViewController.m */,
				91D4B9DF1A818BCB0040B884 /* MovieDetailViewController.xib */,
			);
			name = "View Controllers";
			sourceTree = "<group>";
		};
		91D4B9D91A816E290040B884 /* Views */ = {
			isa = PBXGroup;
			children = (
				91D4B9D41A8087020040B884 /* MovieCell.h */,
				91D4B9D51A8087020040B884 /* MovieCell.m */,
				91D4B9D61A8087020040B884 /* MovieCell.xib */,
			);
			name = Views;
			sourceTree = "<group>";
		};
		91D4B9F01A82AA080040B884 /* Categories */ = {
			isa = PBXGroup;
			children = (
				91D4B9F41A82AA9C0040B884 /* UIImageView+AnimationUtils.h */,
				91D4B9F51A82AA9C0040B884 /* UIImageView+AnimationUtils.m */,
			);
			name = Categories;
			sourceTree = "<group>";
		};
		E2E6BE08A7351C6A8D85EE2B /* Pods */ = {
			isa = PBXGroup;
			children = (
				90D462A959594B9228A7C83E /* Pods.debug.xcconfig */,
				94C224E10718A3D116B2AA69 /* Pods.release.xcconfig */,
			);
			name = Pods;
			sourceTree = "<group>";
		};
/* End PBXGroup section */

/* Begin PBXNativeTarget section */
		91D4B9A41A8082800040B884 /* RottenTomatoes */ = {
			isa = PBXNativeTarget;
			buildConfigurationList = 91D4B9C81A8082800040B884 /* Build configuration list for PBXNativeTarget "RottenTomatoes" */;
			buildPhases = (
				15B9E16B0D0DA986641E5A74 /* Check Pods Manifest.lock */,
				91D4B9A11A8082800040B884 /* Sources */,
				91D4B9A21A8082800040B884 /* Frameworks */,
				91D4B9A31A8082800040B884 /* Resources */,
				74D7C677584E1763B6301C1B /* Copy Pods Resources */,
			);
			buildRules = (
			);
			dependencies = (
			);
			name = RottenTomatoes;
			productName = RottenTomatoes;
			productReference = 91D4B9A51A8082800040B884 /* RottenTomatoes.app */;
			productType = "com.apple.product-type.application";
		};
		91D4B9BD1A8082800040B884 /* RottenTomatoesTests */ = {
			isa = PBXNativeTarget;
			buildConfigurationList = 91D4B9CB1A8082800040B884 /* Build configuration list for PBXNativeTarget "RottenTomatoesTests" */;
			buildPhases = (
				91D4B9BA1A8082800040B884 /* Sources */,
				91D4B9BB1A8082800040B884 /* Frameworks */,
				91D4B9BC1A8082800040B884 /* Resources */,
			);
			buildRules = (
			);
			dependencies = (
				91D4B9C01A8082800040B884 /* PBXTargetDependency */,
			);
			name = RottenTomatoesTests;
			productName = RottenTomatoesTests;
			productReference = 91D4B9BE1A8082800040B884 /* RottenTomatoesTests.xctest */;
			productType = "com.apple.product-type.bundle.unit-test";
		};
/* End PBXNativeTarget section */

/* Begin PBXProject section */
		91D4B99D1A8082800040B884 /* Project object */ = {
			isa = PBXProject;
			attributes = {
				LastUpgradeCheck = 0610;
				ORGANIZATIONNAME = OrionNet;
				TargetAttributes = {
					91D4B9A41A8082800040B884 = {
						CreatedOnToolsVersion = 6.1.1;
					};
					91D4B9BD1A8082800040B884 = {
						CreatedOnToolsVersion = 6.1.1;
						TestTargetID = 91D4B9A41A8082800040B884;
					};
				};
			};
			buildConfigurationList = 91D4B9A01A8082800040B884 /* Build configuration list for PBXProject "RottenTomatoes" */;
			compatibilityVersion = "Xcode 3.2";
			developmentRegion = English;
			hasScannedForEncodings = 0;
			knownRegions = (
				en,
				Base,
			);
			mainGroup = 91D4B99C1A8082800040B884;
			productRefGroup = 91D4B9A61A8082800040B884 /* Products */;
			projectDirPath = "";
			projectRoot = "";
			targets = (
				91D4B9A41A8082800040B884 /* RottenTomatoes */,
				91D4B9BD1A8082800040B884 /* RottenTomatoesTests */,
			);
		};
/* End PBXProject section */

/* Begin PBXResourcesBuildPhase section */
		91D4B9A31A8082800040B884 /* Resources */ = {
			isa = PBXResourcesBuildPhase;
			buildActionMask = 2147483647;
			files = (
				91D4B9ED1A81BF480040B884 /* ticket.svg in Resources */,
				91D4B9E11A818BCB0040B884 /* MovieDetailViewController.xib in Resources */,
				91D4B9B91A8082800040B884 /* LaunchScreen.xib in Resources */,
				91D4B9F81A82D4CD0040B884 /* clock.svg in Resources */,
				91D4B9D21A8083490040B884 /* MoviesViewController.xib in Resources */,
				91D4B9D81A8087020040B884 /* MovieCell.xib in Resources */,
				91D4B9EF1A81C52B0040B884 /* dvd.svg in Resources */,
				91D4B9B61A8082800040B884 /* Images.xcassets in Resources */,
			);
			runOnlyForDeploymentPostprocessing = 0;
		};
		91D4B9BC1A8082800040B884 /* Resources */ = {
			isa = PBXResourcesBuildPhase;
			buildActionMask = 2147483647;
			files = (
			);
			runOnlyForDeploymentPostprocessing = 0;
		};
/* End PBXResourcesBuildPhase section */

/* Begin PBXShellScriptBuildPhase section */
		15B9E16B0D0DA986641E5A74 /* Check Pods Manifest.lock */ = {
			isa = PBXShellScriptBuildPhase;
			buildActionMask = 2147483647;
			files = (
			);
			inputPaths = (
			);
			name = "Check Pods Manifest.lock";
			outputPaths = (
			);
			runOnlyForDeploymentPostprocessing = 0;
			shellPath = /bin/sh;
			shellScript = "diff \"${PODS_ROOT}/../Podfile.lock\" \"${PODS_ROOT}/Manifest.lock\" > /dev/null\nif [[ $? != 0 ]] ; then\n    cat << EOM\nerror: The sandbox is not in sync with the Podfile.lock. Run 'pod install' or update your CocoaPods installation.\nEOM\n    exit 1\nfi\n";
			showEnvVarsInLog = 0;
		};
		74D7C677584E1763B6301C1B /* Copy Pods Resources */ = {
			isa = PBXShellScriptBuildPhase;
			buildActionMask = 2147483647;
			files = (
			);
			inputPaths = (
			);
			name = "Copy Pods Resources";
			outputPaths = (
			);
			runOnlyForDeploymentPostprocessing = 0;
			shellPath = /bin/sh;
			shellScript = "\"${SRCROOT}/Pods/Target Support Files/Pods/Pods-resources.sh\"\n";
			showEnvVarsInLog = 0;
		};
/* End PBXShellScriptBuildPhase section */

/* Begin PBXSourcesBuildPhase section */
		91D4B9A11A8082800040B884 /* Sources */ = {
			isa = PBXSourcesBuildPhase;
			buildActionMask = 2147483647;
			files = (
				91D4B9D11A8083490040B884 /* MoviesViewController.m in Sources */,
				91D4B9AE1A8082800040B884 /* AppDelegate.m in Sources */,
				91D4B9F61A82AA9C0040B884 /* UIImageView+AnimationUtils.m in Sources */,
				91D4B9E01A818BCB0040B884 /* MovieDetailViewController.m in Sources */,
				91D4B9D71A8087020040B884 /* MovieCell.m in Sources */,
				91D4B9AB1A8082800040B884 /* main.m in Sources */,
			);
			runOnlyForDeploymentPostprocessing = 0;
		};
		91D4B9BA1A8082800040B884 /* Sources */ = {
			isa = PBXSourcesBuildPhase;
			buildActionMask = 2147483647;
			files = (
				91D4B9C51A8082800040B884 /* RottenTomatoesTests.m in Sources */,
			);
			runOnlyForDeploymentPostprocessing = 0;
		};
/* End PBXSourcesBuildPhase section */

/* Begin PBXTargetDependency section */
		91D4B9C01A8082800040B884 /* PBXTargetDependency */ = {
			isa = PBXTargetDependency;
			target = 91D4B9A41A8082800040B884 /* RottenTomatoes */;
			targetProxy = 91D4B9BF1A8082800040B884 /* PBXContainerItemProxy */;
		};
/* End PBXTargetDependency section */

/* Begin PBXVariantGroup section */
		91D4B9B71A8082800040B884 /* LaunchScreen.xib */ = {
			isa = PBXVariantGroup;
			children = (
				91D4B9B81A8082800040B884 /* Base */,
			);
			name = LaunchScreen.xib;
			sourceTree = "<group>";
		};
/* End PBXVariantGroup section */

/* Begin XCBuildConfiguration section */
		91D4B9C61A8082800040B884 /* Debug */ = {
			isa = XCBuildConfiguration;
			buildSettings = {
				ALWAYS_SEARCH_USER_PATHS = NO;
				CLANG_CXX_LANGUAGE_STANDARD = "gnu++0x";
				CLANG_CXX_LIBRARY = "libc++";
				CLANG_ENABLE_MODULES = YES;
				CLANG_ENABLE_OBJC_ARC = YES;
				CLANG_WARN_BOOL_CONVERSION = YES;
				CLANG_WARN_CONSTANT_CONVERSION = YES;
				CLANG_WARN_DIRECT_OBJC_ISA_USAGE = YES_ERROR;
				CLANG_WARN_EMPTY_BODY = YES;
				CLANG_WARN_ENUM_CONVERSION = YES;
				CLANG_WARN_INT_CONVERSION = YES;
				CLANG_WARN_OBJC_ROOT_CLASS = YES_ERROR;
				CLANG_WARN_UNREACHABLE_CODE = YES;
				CLANG_WARN__DUPLICATE_METHOD_MATCH = YES;
				"CODE_SIGN_IDENTITY[sdk=iphoneos*]" = "iPhone Developer";
				COPY_PHASE_STRIP = NO;
				ENABLE_STRICT_OBJC_MSGSEND = YES;
				GCC_C_LANGUAGE_STANDARD = gnu99;
				GCC_DYNAMIC_NO_PIC = NO;
				GCC_OPTIMIZATION_LEVEL = 0;
				GCC_PREPROCESSOR_DEFINITIONS = (
					"DEBUG=1",
					"$(inherited)",
				);
				GCC_SYMBOLS_PRIVATE_EXTERN = NO;
				GCC_WARN_64_TO_32_BIT_CONVERSION = YES;
				GCC_WARN_ABOUT_RETURN_TYPE = YES_ERROR;
				GCC_WARN_UNDECLARED_SELECTOR = YES;
				GCC_WARN_UNINITIALIZED_AUTOS = YES_AGGRESSIVE;
				GCC_WARN_UNUSED_FUNCTION = YES;
				GCC_WARN_UNUSED_VARIABLE = YES;
				IPHONEOS_DEPLOYMENT_TARGET = 8.1;
				MTL_ENABLE_DEBUG_INFO = YES;
				ONLY_ACTIVE_ARCH = YES;
				SDKROOT = iphoneos;
				TARGETED_DEVICE_FAMILY = "1,2";
			};
			name = Debug;
		};
		91D4B9C71A8082800040B884 /* Release */ = {
			isa = XCBuildConfiguration;
			buildSettings = {
				ALWAYS_SEARCH_USER_PATHS = NO;
				CLANG_CXX_LANGUAGE_STANDARD = "gnu++0x";
				CLANG_CXX_LIBRARY = "libc++";
				CLANG_ENABLE_MODULES = YES;
				CLANG_ENABLE_OBJC_ARC = YES;
				CLANG_WARN_BOOL_CONVERSION = YES;
				CLANG_WARN_CONSTANT_CONVERSION = YES;
				CLANG_WARN_DIRECT_OBJC_ISA_USAGE = YES_ERROR;
				CLANG_WARN_EMPTY_BODY = YES;
				CLANG_WARN_ENUM_CONVERSION = YES;
				CLANG_WARN_INT_CONVERSION = YES;
				CLANG_WARN_OBJC_ROOT_CLASS = YES_ERROR;
				CLANG_WARN_UNREACHABLE_CODE = YES;
				CLANG_WARN__DUPLICATE_METHOD_MATCH = YES;
				"CODE_SIGN_IDENTITY[sdk=iphoneos*]" = "iPhone Developer";
				COPY_PHASE_STRIP = YES;
				ENABLE_NS_ASSERTIONS = NO;
				ENABLE_STRICT_OBJC_MSGSEND = YES;
				GCC_C_LANGUAGE_STANDARD = gnu99;
				GCC_WARN_64_TO_32_BIT_CONVERSION = YES;
				GCC_WARN_ABOUT_RETURN_TYPE = YES_ERROR;
				GCC_WARN_UNDECLARED_SELECTOR = YES;
				GCC_WARN_UNINITIALIZED_AUTOS = YES_AGGRESSIVE;
				GCC_WARN_UNUSED_FUNCTION = YES;
				GCC_WARN_UNUSED_VARIABLE = YES;
				IPHONEOS_DEPLOYMENT_TARGET = 8.1;
				MTL_ENABLE_DEBUG_INFO = NO;
				SDKROOT = iphoneos;
				TARGETED_DEVICE_FAMILY = "1,2";
				VALIDATE_PRODUCT = YES;
			};
			name = Release;
		};
		91D4B9C91A8082800040B884 /* Debug */ = {
			isa = XCBuildConfiguration;
			baseConfigurationReference = 90D462A959594B9228A7C83E /* Pods.debug.xcconfig */;
			buildSettings = {
				ASSETCATALOG_COMPILER_APPICON_NAME = AppIcon;
				INFOPLIST_FILE = RottenTomatoes/Info.plist;
				LD_RUNPATH_SEARCH_PATHS = "$(inherited) @executable_path/Frameworks";
				PRODUCT_NAME = "$(TARGET_NAME)";
			};
			name = Debug;
		};
		91D4B9CA1A8082800040B884 /* Release */ = {
			isa = XCBuildConfiguration;
			baseConfigurationReference = 94C224E10718A3D116B2AA69 /* Pods.release.xcconfig */;
			buildSettings = {
				ASSETCATALOG_COMPILER_APPICON_NAME = AppIcon;
				INFOPLIST_FILE = RottenTomatoes/Info.plist;
				LD_RUNPATH_SEARCH_PATHS = "$(inherited) @executable_path/Frameworks";
				PRODUCT_NAME = "$(TARGET_NAME)";
			};
			name = Release;
		};
		91D4B9CC1A8082800040B884 /* Debug */ = {
			isa = XCBuildConfiguration;
			buildSettings = {
				BUNDLE_LOADER = "$(TEST_HOST)";
				FRAMEWORK_SEARCH_PATHS = (
					"$(SDKROOT)/Developer/Library/Frameworks",
					"$(inherited)",
				);
				GCC_PREPROCESSOR_DEFINITIONS = (
					"DEBUG=1",
					"$(inherited)",
				);
				INFOPLIST_FILE = RottenTomatoesTests/Info.plist;
				LD_RUNPATH_SEARCH_PATHS = "$(inherited) @executable_path/Frameworks @loader_path/Frameworks";
				PRODUCT_NAME = "$(TARGET_NAME)";
				TEST_HOST = "$(BUILT_PRODUCTS_DIR)/RottenTomatoes.app/RottenTomatoes";
			};
			name = Debug;
		};
		91D4B9CD1A8082800040B884 /* Release */ = {
			isa = XCBuildConfiguration;
			buildSettings = {
				BUNDLE_LOADER = "$(TEST_HOST)";
				FRAMEWORK_SEARCH_PATHS = (
					"$(SDKROOT)/Developer/Library/Frameworks",
					"$(inherited)",
				);
				INFOPLIST_FILE = RottenTomatoesTests/Info.plist;
				LD_RUNPATH_SEARCH_PATHS = "$(inherited) @executable_path/Frameworks @loader_path/Frameworks";
				PRODUCT_NAME = "$(TARGET_NAME)";
				TEST_HOST = "$(BUILT_PRODUCTS_DIR)/RottenTomatoes.app/RottenTomatoes";
			};
			name = Release;
		};
/* End XCBuildConfiguration section */

/* Begin XCConfigurationList section */
		91D4B9A01A8082800040B884 /* Build configuration list for PBXProject "RottenTomatoes" */ = {
			isa = XCConfigurationList;
			buildConfigurations = (
				91D4B9C61A8082800040B884 /* Debug */,
				91D4B9C71A8082800040B884 /* Release */,
			);
			defaultConfigurationIsVisible = 0;
			defaultConfigurationName = Release;
		};
		91D4B9C81A8082800040B884 /* Build configuration list for PBXNativeTarget "RottenTomatoes" */ = {
			isa = XCConfigurationList;
			buildConfigurations = (
				91D4B9C91A8082800040B884 /* Debug */,
				91D4B9CA1A8082800040B884 /* Release */,
			);
			defaultConfigurationIsVisible = 0;
			defaultConfigurationName = Release;
		};
		91D4B9CB1A8082800040B884 /* Build configuration list for PBXNativeTarget "RottenTomatoesTests" */ = {
			isa = XCConfigurationList;
			buildConfigurations = (
				91D4B9CC1A8082800040B884 /* Debug */,
				91D4B9CD1A8082800040B884 /* Release */,
			);
			defaultConfigurationIsVisible = 0;
			defaultConfigurationName = Release;
		};
/* End XCConfigurationList section */
	};
	rootObject = 91D4B99D1A8082800040B884 /* Project object */;
}
